// !$*UTF8*$!
{
	archiveVersion = 1;
	classes = {
	};
	objectVersion = 45;
	objects = {

/* Begin PBXBuildFile section */
		1D60589B0D05DD56006BFB54 /* main.m in Sources */ = {isa = PBXBuildFile; fileRef = 29B97316FDCFA39411CA2CEA /* main.m */; };
		1F3B9A2D0EF2145700286867 /* ___PROJECTNAMEASIDENTIFIER___AppDelegate.m in Sources */ = {isa = PBXBuildFile; fileRef = 1F3B9A2B0EF2145700286867 /* ___PROJECTNAMEASIDENTIFIER___AppDelegate.m */; };
		CA3EAC770FEDBECC004BBF8E /* libChipmunk.a in Frameworks */ = {isa = PBXBuildFile; fileRef = CA3EAC220FEDBE34004BBF8E /* libChipmunk.a */; };
		CA3EAC780FEDBECC004BBF8E /* libcocos2d.a in Frameworks */ = {isa = PBXBuildFile; fileRef = CA3EAC240FEDBE34004BBF8E /* libcocos2d.a */; };
		CA3EAC980FEE6F43004BBF8E /* background2.jpg in Resources */ = {isa = PBXBuildFile; fileRef = CA3EAC970FEE6F43004BBF8E /* background2.jpg */; };
		CA3EACB90FEE7024004BBF8E /* fps_images.png in Resources */ = {isa = PBXBuildFile; fileRef = CA3EACB80FEE7024004BBF8E /* fps_images.png */; };
		DC6640030F83B3EA000B3E49 /* AudioToolbox.framework in Frameworks */ = {isa = PBXBuildFile; fileRef = DC6640020F83B3EA000B3E49 /* AudioToolbox.framework */; };
		DC6640050F83B3EA000B3E49 /* OpenAL.framework in Frameworks */ = {isa = PBXBuildFile; fileRef = DC6640040F83B3EA000B3E49 /* OpenAL.framework */; };
		DCCBEF900F601EE20040855A /* MyScene.m in Sources */ = {isa = PBXBuildFile; fileRef = DCCBEF8F0F601EE20040855A /* MyScene.m */; };
		DCCBF1B70F6022AE0040855A /* CoreGraphics.framework in Frameworks */ = {isa = PBXBuildFile; fileRef = DCCBF1B60F6022AE0040855A /* CoreGraphics.framework */; };
		DCCBF1B90F6022AE0040855A /* Foundation.framework in Frameworks */ = {isa = PBXBuildFile; fileRef = DCCBF1B80F6022AE0040855A /* Foundation.framework */; };
		DCCBF1BB0F6022AE0040855A /* OpenGLES.framework in Frameworks */ = {isa = PBXBuildFile; fileRef = DCCBF1BA0F6022AE0040855A /* OpenGLES.framework */; };
		DCCBF1BD0F6022AE0040855A /* QuartzCore.framework in Frameworks */ = {isa = PBXBuildFile; fileRef = DCCBF1BC0F6022AE0040855A /* QuartzCore.framework */; };
		DCCBF1BF0F6022AE0040855A /* UIKit.framework in Frameworks */ = {isa = PBXBuildFile; fileRef = DCCBF1BE0F6022AE0040855A /* UIKit.framework */; };
/* End PBXBuildFile section */

/* Begin PBXContainerItemProxy section */
		CA3EAC1F0FEDBE34004BBF8E /* PBXContainerItemProxy */ = {
			isa = PBXContainerItemProxy;
			containerPortal = CA3EAB7D0FEDBE0F004BBF8E /* cocos2d-iphone.xcodeproj */;
			proxyType = 2;
			remoteGlobalIDString = 504225700FC0B39C00B992F7;
			remoteInfo = box2d;
		};
		CA3EAC210FEDBE34004BBF8E /* PBXContainerItemProxy */ = {
			isa = PBXContainerItemProxy;
			containerPortal = CA3EAB7D0FEDBE0F004BBF8E /* cocos2d-iphone.xcodeproj */;
			proxyType = 2;
			remoteGlobalIDString = 50B2C4D10E100AEA00AE9530;
			remoteInfo = Chipmunk;
		};
		CA3EAC230FEDBE34004BBF8E /* PBXContainerItemProxy */ = {
			isa = PBXContainerItemProxy;
			containerPortal = CA3EAB7D0FEDBE0F004BBF8E /* cocos2d-iphone.xcodeproj */;
			proxyType = 2;
			remoteGlobalIDString = 5018F24D0DFDEAC400C013A5;
			remoteInfo = cocos2d;
		};
		CA3EAC250FEDBE34004BBF8E /* PBXContainerItemProxy */ = {
			isa = PBXContainerItemProxy;
			containerPortal = CA3EAB7D0FEDBE0F004BBF8E /* cocos2d-iphone.xcodeproj */;
			proxyType = 2;
			remoteGlobalIDString = 502C65EE0DFEF3DD00E4107D;
			remoteInfo = "cocos2d-documentation";
		};
		CA3EAC270FEDBE34004BBF8E /* PBXContainerItemProxy */ = {
			isa = PBXContainerItemProxy;
			containerPortal = CA3EAB7D0FEDBE0F004BBF8E /* cocos2d-iphone.xcodeproj */;
			proxyType = 2;
			remoteGlobalIDString = 509B3A0D0F31024E00F2FB95;
			remoteInfo = cocosLive;
		};
		CA3EAC290FEDBE34004BBF8E /* PBXContainerItemProxy */ = {
			isa = PBXContainerItemProxy;
			containerPortal = CA3EAB7D0FEDBE0F004BBF8E /* cocos2d-iphone.xcodeproj */;
			proxyType = 2;
			remoteGlobalIDString = 509B39DF0F31020900F2FB95;
			remoteInfo = TouchJSON;
		};
		CA3EAC2B0FEDBE34004BBF8E /* PBXContainerItemProxy */ = {
			isa = PBXContainerItemProxy;
			containerPortal = CA3EAB7D0FEDBE0F004BBF8E /* cocos2d-iphone.xcodeproj */;
			proxyType = 2;
			remoteGlobalIDString = 8E6CBEEF0F7A758000D47B3A;
			remoteInfo = vorbis;
		};
		CA3EAC2D0FEDBE34004BBF8E /* PBXContainerItemProxy */ = {
			isa = PBXContainerItemProxy;
			containerPortal = CA3EAB7D0FEDBE0F004BBF8E /* cocos2d-iphone.xcodeproj */;
			proxyType = 2;
			remoteGlobalIDString = 3170705B0E2940C900DD3360;
			remoteInfo = AccelViewportTest;
		};
		CA3EAC2F0FEDBE34004BBF8E /* PBXContainerItemProxy */ = {
			isa = PBXContainerItemProxy;
			containerPortal = CA3EAB7D0FEDBE0F004BBF8E /* cocos2d-iphone.xcodeproj */;
			proxyType = 2;
			remoteGlobalIDString = 506882110E95761200F943E5;
			remoteInfo = AtlasTest;
		};
		CA3EAC310FEDBE34004BBF8E /* PBXContainerItemProxy */ = {
			isa = PBXContainerItemProxy;
			containerPortal = CA3EAB7D0FEDBE0F004BBF8E /* cocos2d-iphone.xcodeproj */;
			proxyType = 2;
			remoteGlobalIDString = 501C7C910F91EFFF0024A296;
			remoteInfo = AtlasSpriteTest;
		};
		CA3EAC330FEDBE34004BBF8E /* PBXContainerItemProxy */ = {
			isa = PBXContainerItemProxy;
			containerPortal = CA3EAB7D0FEDBE0F004BBF8E /* cocos2d-iphone.xcodeproj */;
			proxyType = 2;
			remoteGlobalIDString = 504828800F45AED700A30CEF;
			remoteInfo = AttachTest;
		};
		CA3EAC350FEDBE34004BBF8E /* PBXContainerItemProxy */ = {
			isa = PBXContainerItemProxy;
			containerPortal = CA3EAB7D0FEDBE0F004BBF8E /* cocos2d-iphone.xcodeproj */;
			proxyType = 2;
			remoteGlobalIDString = 5042262E0FC0B5D500B992F7;
			remoteInfo = "Box2dTest (experimental)";
		};
		CA3EAC370FEDBE34004BBF8E /* PBXContainerItemProxy */ = {
			isa = PBXContainerItemProxy;
			containerPortal = CA3EAB7D0FEDBE0F004BBF8E /* cocos2d-iphone.xcodeproj */;
			proxyType = 2;
			remoteGlobalIDString = 50B2C5E80E100EF000AE9530;
			remoteInfo = ChipmunkAccelTouchTest;
		};
		CA3EAC390FEDBE34004BBF8E /* PBXContainerItemProxy */ = {
			isa = PBXContainerItemProxy;
			containerPortal = CA3EAB7D0FEDBE0F004BBF8E /* cocos2d-iphone.xcodeproj */;
			proxyType = 2;
			remoteGlobalIDString = 50B2CE460E129FD900AE9530;
			remoteInfo = ChipmunkTest;
		};
		CA3EAC3B0FEDBE34004BBF8E /* PBXContainerItemProxy */ = {
			isa = PBXContainerItemProxy;
			containerPortal = CA3EAB7D0FEDBE0F004BBF8E /* cocos2d-iphone.xcodeproj */;
			proxyType = 2;
			remoteGlobalIDString = 506C77E20E01520900B48100;
			remoteInfo = ClickAndMoveTest;
		};
		CA3EAC3D0FEDBE34004BBF8E /* PBXContainerItemProxy */ = {
			isa = PBXContainerItemProxy;
			containerPortal = CA3EAB7D0FEDBE0F004BBF8E /* cocos2d-iphone.xcodeproj */;
			proxyType = 2;
			remoteGlobalIDString = 509B3A280F3102FD00F2FB95;
			remoteInfo = cocosLiveTest;
		};
		CA3EAC3F0FEDBE34004BBF8E /* PBXContainerItemProxy */ = {
			isa = PBXContainerItemProxy;
			containerPortal = CA3EAB7D0FEDBE0F004BBF8E /* cocos2d-iphone.xcodeproj */;
			proxyType = 2;
			remoteGlobalIDString = 506144080E589A2E003CCDB7;
			remoteInfo = cocosnodeTest;
		};
		CA3EAC410FEDBE34004BBF8E /* PBXContainerItemProxy */ = {
			isa = PBXContainerItemProxy;
			containerPortal = CA3EAB7D0FEDBE0F004BBF8E /* cocos2d-iphone.xcodeproj */;
			proxyType = 2;
			remoteGlobalIDString = 501945740F964C620059CE7C;
			remoteInfo = drawPrimitivesTest;
		};
		CA3EAC430FEDBE34004BBF8E /* PBXContainerItemProxy */ = {
			isa = PBXContainerItemProxy;
			containerPortal = CA3EAB7D0FEDBE0F004BBF8E /* cocos2d-iphone.xcodeproj */;
			proxyType = 2;
			remoteGlobalIDString = 505B63A30F2F4210001B4104;
			remoteInfo = EaseActionsTest;
		};
		CA3EAC450FEDBE34004BBF8E /* PBXContainerItemProxy */ = {
			isa = PBXContainerItemProxy;
			containerPortal = CA3EAB7D0FEDBE0F004BBF8E /* cocos2d-iphone.xcodeproj */;
			proxyType = 2;
			remoteGlobalIDString = 50A24E440F377FA1007CAEB0;
			remoteInfo = EffectsTest;
		};
		CA3EAC470FEDBE34004BBF8E /* PBXContainerItemProxy */ = {
			isa = PBXContainerItemProxy;
			containerPortal = CA3EAB7D0FEDBE0F004BBF8E /* cocos2d-iphone.xcodeproj */;
			proxyType = 2;
			remoteGlobalIDString = 50D56FD20F3FABEC007CD6B9;
			remoteInfo = EffectsAdvancedTest;
		};
		CA3EAC490FEDBE34004BBF8E /* PBXContainerItemProxy */ = {
			isa = PBXContainerItemProxy;
			containerPortal = CA3EAB7D0FEDBE0F004BBF8E /* cocos2d-iphone.xcodeproj */;
			proxyType = 2;
			remoteGlobalIDString = 50C7D4950E5C2ED80035ACA2;
			remoteInfo = IntervalTest;
		};
		CA3EAC4B0FEDBE34004BBF8E /* PBXContainerItemProxy */ = {
			isa = PBXContainerItemProxy;
			containerPortal = CA3EAB7D0FEDBE0F004BBF8E /* cocos2d-iphone.xcodeproj */;
			proxyType = 2;
			remoteGlobalIDString = 506C7A090E01C73A00B48100;
			remoteInfo = MenuTest;
		};
		CA3EAC4D0FEDBE34004BBF8E /* PBXContainerItemProxy */ = {
			isa = PBXContainerItemProxy;
			containerPortal = CA3EAB7D0FEDBE0F004BBF8E /* cocos2d-iphone.xcodeproj */;
			proxyType = 2;
			remoteGlobalIDString = 50C195600EE4B57E00829067;
			remoteInfo = ParallaxTest;
		};
		CA3EAC4F0FEDBE34004BBF8E /* PBXContainerItemProxy */ = {
			isa = PBXContainerItemProxy;
			containerPortal = CA3EAB7D0FEDBE0F004BBF8E /* cocos2d-iphone.xcodeproj */;
			proxyType = 2;
			remoteGlobalIDString = 50DB1BCA0E1C1E5900A89DFF;
			remoteInfo = ParticleTest;
		};
		CA3EAC510FEDBE34004BBF8E /* PBXContainerItemProxy */ = {
			isa = PBXContainerItemProxy;
			containerPortal = CA3EAB7D0FEDBE0F004BBF8E /* cocos2d-iphone.xcodeproj */;
			proxyType = 2;
			remoteGlobalIDString = 50F992C40F9F188700767ABC;
			remoteInfo = PerformanceParticleTest;
		};
		CA3EAC530FEDBE34004BBF8E /* PBXContainerItemProxy */ = {
			isa = PBXContainerItemProxy;
			containerPortal = CA3EAB7D0FEDBE0F004BBF8E /* cocos2d-iphone.xcodeproj */;
			proxyType = 2;
			remoteGlobalIDString = 505CC1590F62BB03000EDF26;
			remoteInfo = PerformanceSpriteTest;
		};
		CA3EAC550FEDBE34004BBF8E /* PBXContainerItemProxy */ = {
			isa = PBXContainerItemProxy;
			containerPortal = CA3EAB7D0FEDBE0F004BBF8E /* cocos2d-iphone.xcodeproj */;
			proxyType = 2;
			remoteGlobalIDString = 502C66180DFEFCCA00E4107D;
			remoteInfo = RotateWorldTest;
		};
		CA3EAC570FEDBE34004BBF8E /* PBXContainerItemProxy */ = {
			isa = PBXContainerItemProxy;
			containerPortal = CA3EAB7D0FEDBE0F004BBF8E /* cocos2d-iphone.xcodeproj */;
			proxyType = 2;
			remoteGlobalIDString = 506C800E0E041C9300B48100;
			remoteInfo = SceneTest;
		};
		CA3EAC590FEDBE34004BBF8E /* PBXContainerItemProxy */ = {
			isa = PBXContainerItemProxy;
			containerPortal = CA3EAB7D0FEDBE0F004BBF8E /* cocos2d-iphone.xcodeproj */;
			proxyType = 2;
			remoteGlobalIDString = 8EDF3ED80F6BDA0000F54643;
			remoteInfo = "SoundEngineTest (experimental)";
		};
		CA3EAC5B0FEDBE34004BBF8E /* PBXContainerItemProxy */ = {
			isa = PBXContainerItemProxy;
			containerPortal = CA3EAB7D0FEDBE0F004BBF8E /* cocos2d-iphone.xcodeproj */;
			proxyType = 2;
			remoteGlobalIDString = 503F25EB0FD3CA2A009BAFB6;
			remoteInfo = "SoundEngine CocosDenshionTest (experimental)";
		};
		CA3EAC5D0FEDBE34004BBF8E /* PBXContainerItemProxy */ = {
			isa = PBXContainerItemProxy;
			containerPortal = CA3EAB7D0FEDBE0F004BBF8E /* cocos2d-iphone.xcodeproj */;
			proxyType = 2;
			remoteGlobalIDString = 50C93AAD0E0BF6E000517B01;
			remoteInfo = SpritesTest;
		};
		CA3EAC5F0FEDBE34004BBF8E /* PBXContainerItemProxy */ = {
			isa = PBXContainerItemProxy;
			containerPortal = CA3EAB7D0FEDBE0F004BBF8E /* cocos2d-iphone.xcodeproj */;
			proxyType = 2;
			remoteGlobalIDString = 50A783C40F3AFCE500104C45;
			remoteInfo = "StreakTest (experimental)";
		};
		CA3EAC610FEDBE34004BBF8E /* PBXContainerItemProxy */ = {
			isa = PBXContainerItemProxy;
			containerPortal = CA3EAB7D0FEDBE0F004BBF8E /* cocos2d-iphone.xcodeproj */;
			proxyType = 2;
			remoteGlobalIDString = 505B62D60F2E6A0F001B4104;
			remoteInfo = Texture2dTest;
		};
		CA3EAC630FEDBE34004BBF8E /* PBXContainerItemProxy */ = {
			isa = PBXContainerItemProxy;
			containerPortal = CA3EAB7D0FEDBE0F004BBF8E /* cocos2d-iphone.xcodeproj */;
			proxyType = 2;
			remoteGlobalIDString = 5012DD3B0FE2994300D6DDD1;
			remoteInfo = TouchesTest;
		};
		CA3EAC650FEDBE34004BBF8E /* PBXContainerItemProxy */ = {
			isa = PBXContainerItemProxy;
			containerPortal = CA3EAB7D0FEDBE0F004BBF8E /* cocos2d-iphone.xcodeproj */;
			proxyType = 2;
			remoteGlobalIDString = 50C938E00E0A9DBB00517B01;
			remoteInfo = TransitionsTest;
		};
		CA3EAC710FEDBE6B004BBF8E /* PBXContainerItemProxy */ = {
			isa = PBXContainerItemProxy;
			containerPortal = CA3EAB7D0FEDBE0F004BBF8E /* cocos2d-iphone.xcodeproj */;
			proxyType = 1;
			remoteGlobalIDString = 50B2C4D00E100AEA00AE9530;
			remoteInfo = Chipmunk;
		};
		CA3EAC730FEDBE6B004BBF8E /* PBXContainerItemProxy */ = {
			isa = PBXContainerItemProxy;
			containerPortal = CA3EAB7D0FEDBE0F004BBF8E /* cocos2d-iphone.xcodeproj */;
			proxyType = 1;
			remoteGlobalIDString = 5018F24C0DFDEAC400C013A5;
			remoteInfo = cocos2d;
		};
/* End PBXContainerItemProxy section */

/* Begin PBXFileReference section */
		1D6058910D05DD3D006BFB54 /* ___PROJECTNAME___.app */ = {isa = PBXFileReference; explicitFileType = wrapper.application; includeInIndex = 0; path = "___PROJECTNAME___.app"; sourceTree = BUILT_PRODUCTS_DIR; };
		1F3B9A2B0EF2145700286867 /* ___PROJECTNAMEASIDENTIFIER___AppDelegate.m */ = {isa = PBXFileReference; fileEncoding = 4; lastKnownFileType = sourcecode.c.objc; name = "___PROJECTNAMEASIDENTIFIER___AppDelegate.m"; path = "Classes/___PROJECTNAMEASIDENTIFIER___AppDelegate.m"; sourceTree = SOURCE_ROOT; };
		1F3B9A2C0EF2145700286867 /* ___PROJECTNAMEASIDENTIFIER___AppDelegate.h */ = {isa = PBXFileReference; fileEncoding = 4; lastKnownFileType = sourcecode.c.h; name = "___PROJECTNAMEASIDENTIFIER___AppDelegate.h"; path = "Classes/___PROJECTNAMEASIDENTIFIER___AppDelegate.h"; sourceTree = SOURCE_ROOT; };
		1F3B9A820EF2151B00286867 /* ___PROJECTNAMEASIDENTIFIER____Prefix.pch */ = {isa = PBXFileReference; fileEncoding = 4; lastKnownFileType = sourcecode.c.h; path = "___PROJECTNAMEASIDENTIFIER____Prefix.pch"; sourceTree = SOURCE_ROOT; };
		29B97316FDCFA39411CA2CEA /* main.m */ = {isa = PBXFileReference; fileEncoding = 4; lastKnownFileType = sourcecode.c.objc; path = main.m; sourceTree = "<group>"; };
		8D1107310486CEB800E47090 /* Info.plist */ = {isa = PBXFileReference; fileEncoding = 4; lastKnownFileType = text.plist.xml; path = Info.plist; sourceTree = "<group>"; };
		CA3EAB7D0FEDBE0F004BBF8E /* cocos2d-iphone.xcodeproj */ = {isa = PBXFileReference; lastKnownFileType = "wrapper.pb-project"; path = "cocos2d-iphone.xcodeproj"; sourceTree = COCOS2D_SRC; };
		CA3EAC970FEE6F43004BBF8E /* background2.jpg */ = {isa = PBXFileReference; lastKnownFileType = image.jpeg; path = background2.jpg; sourceTree = "<group>"; };
		CA3EACB80FEE7024004BBF8E /* fps_images.png */ = {isa = PBXFileReference; lastKnownFileType = image.png; path = fps_images.png; sourceTree = "<group>"; };
		DC6640020F83B3EA000B3E49 /* AudioToolbox.framework */ = {isa = PBXFileReference; lastKnownFileType = wrapper.framework; name = AudioToolbox.framework; path = System/Library/Frameworks/AudioToolbox.framework; sourceTree = SDKROOT; };
		DC6640040F83B3EA000B3E49 /* OpenAL.framework */ = {isa = PBXFileReference; lastKnownFileType = wrapper.framework; name = OpenAL.framework; path = System/Library/Frameworks/OpenAL.framework; sourceTree = SDKROOT; };
		DCCBEF8E0F601EE20040855A /* MyScene.h */ = {isa = PBXFileReference; fileEncoding = 4; lastKnownFileType = sourcecode.c.h; path = MyScene.h; sourceTree = "<group>"; };
		DCCBEF8F0F601EE20040855A /* MyScene.m */ = {isa = PBXFileReference; fileEncoding = 4; lastKnownFileType = sourcecode.c.objc; path = MyScene.m; sourceTree = "<group>"; };
		DCCBF1B60F6022AE0040855A /* CoreGraphics.framework */ = {isa = PBXFileReference; lastKnownFileType = wrapper.framework; name = CoreGraphics.framework; path = System/Library/Frameworks/CoreGraphics.framework; sourceTree = SDKROOT; };
		DCCBF1B80F6022AE0040855A /* Foundation.framework */ = {isa = PBXFileReference; lastKnownFileType = wrapper.framework; name = Foundation.framework; path = System/Library/Frameworks/Foundation.framework; sourceTree = SDKROOT; };
		DCCBF1BA0F6022AE0040855A /* OpenGLES.framework */ = {isa = PBXFileReference; lastKnownFileType = wrapper.framework; name = OpenGLES.framework; path = System/Library/Frameworks/OpenGLES.framework; sourceTree = SDKROOT; };
		DCCBF1BC0F6022AE0040855A /* QuartzCore.framework */ = {isa = PBXFileReference; lastKnownFileType = wrapper.framework; name = QuartzCore.framework; path = System/Library/Frameworks/QuartzCore.framework; sourceTree = SDKROOT; };
		DCCBF1BE0F6022AE0040855A /* UIKit.framework */ = {isa = PBXFileReference; lastKnownFileType = wrapper.framework; name = UIKit.framework; path = System/Library/Frameworks/UIKit.framework; sourceTree = SDKROOT; };
/* End PBXFileReference section */

/* Begin PBXFrameworksBuildPhase section */
		1D60588F0D05DD3D006BFB54 /* Frameworks */ = {
			isa = PBXFrameworksBuildPhase;
			buildActionMask = 2147483647;
			files = (
				CA3EAC770FEDBECC004BBF8E /* libChipmunk.a in Frameworks */,
				CA3EAC780FEDBECC004BBF8E /* libcocos2d.a in Frameworks */,
				DCCBF1B70F6022AE0040855A /* CoreGraphics.framework in Frameworks */,
				DCCBF1B90F6022AE0040855A /* Foundation.framework in Frameworks */,
				DCCBF1BB0F6022AE0040855A /* OpenGLES.framework in Frameworks */,
				DCCBF1BD0F6022AE0040855A /* QuartzCore.framework in Frameworks */,
				DCCBF1BF0F6022AE0040855A /* UIKit.framework in Frameworks */,
				DC6640030F83B3EA000B3E49 /* AudioToolbox.framework in Frameworks */,
				DC6640050F83B3EA000B3E49 /* OpenAL.framework in Frameworks */,
			);
			runOnlyForDeploymentPostprocessing = 0;
		};
/* End PBXFrameworksBuildPhase section */

/* Begin PBXGroup section */
		19C28FACFE9D520D11CA2CBB /* Products */ = {
			isa = PBXGroup;
			children = (
				1D6058910D05DD3D006BFB54 /* ___PROJECTNAME___.app */,
			);
			name = Products;
			sourceTree = "<group>";
		};
		29B97314FDCFA39411CA2CEA /* CustomTemplate */ = {
			isa = PBXGroup;
			children = (
				CA3EAB7D0FEDBE0F004BBF8E /* cocos2d-iphone.xcodeproj */,
				2D500B1D0D5A766B00DBA0E3 /* Classes */,
				29B97315FDCFA39411CA2CEA /* Other Sources */,
				29B97317FDCFA39411CA2CEA /* Resources */,
				29B97323FDCFA39411CA2CEA /* Frameworks */,
				19C28FACFE9D520D11CA2CBB /* Products */,
			);
			name = CustomTemplate;
			sourceTree = "<group>";
		};
		29B97315FDCFA39411CA2CEA /* Other Sources */ = {
			isa = PBXGroup;
			children = (
				1F3B9A820EF2151B00286867 /* ___PROJECTNAMEASIDENTIFIER____Prefix.pch */,
				29B97316FDCFA39411CA2CEA /* main.m */,
			);
			name = "Other Sources";
			sourceTree = "<group>";
		};
		29B97317FDCFA39411CA2CEA /* Resources */ = {
			isa = PBXGroup;
			children = (
				CA3EACB80FEE7024004BBF8E /* fps_images.png */,
				CA3EAC970FEE6F43004BBF8E /* background2.jpg */,
				8D1107310486CEB800E47090 /* Info.plist */,
			);
			name = Resources;
			sourceTree = "<group>";
		};
		29B97323FDCFA39411CA2CEA /* Frameworks */ = {
			isa = PBXGroup;
			children = (
				DCCBF1B60F6022AE0040855A /* CoreGraphics.framework */,
				DCCBF1B80F6022AE0040855A /* Foundation.framework */,
				DCCBF1BA0F6022AE0040855A /* OpenGLES.framework */,
				DCCBF1BC0F6022AE0040855A /* QuartzCore.framework */,
				DCCBF1BE0F6022AE0040855A /* UIKit.framework */,
				DC6640040F83B3EA000B3E49 /* OpenAL.framework */,
				DC6640020F83B3EA000B3E49 /* AudioToolbox.framework */,
			);
			name = Frameworks;
			sourceTree = "<group>";
		};
		2D500B1D0D5A766B00DBA0E3 /* Classes */ = {
			isa = PBXGroup;
			children = (
				1F3B9A2C0EF2145700286867 /* ___PROJECTNAMEASIDENTIFIER___AppDelegate.h */,
				1F3B9A2B0EF2145700286867 /* ___PROJECTNAMEASIDENTIFIER___AppDelegate.m */,
				DCCBEF8D0F601EE20040855A /* Scenes */,
			);
			path = Classes;
			sourceTree = "<group>";
		};
		CA3EABF90FEDBE34004BBF8E /* Products */ = {
			isa = PBXGroup;
			children = (
				CA3EAC200FEDBE34004BBF8E /* libbox2d.a */,
				CA3EAC220FEDBE34004BBF8E /* libChipmunk.a */,
				CA3EAC240FEDBE34004BBF8E /* libcocos2d.a */,
				CA3EAC260FEDBE34004BBF8E /* libcocos2d-documentation.a */,
				CA3EAC280FEDBE34004BBF8E /* libcocos Live.a */,
				CA3EAC2A0FEDBE34004BBF8E /* libTouchJSON.a */,
				CA3EAC2C0FEDBE34004BBF8E /* libvorbis.a */,
				CA3EAC2E0FEDBE34004BBF8E /* AccelViewportTest.app */,
				CA3EAC300FEDBE34004BBF8E /* AtlasTest.app */,
				CA3EAC320FEDBE34004BBF8E /* AtlasSpriteTest.app */,
				CA3EAC340FEDBE34004BBF8E /* AttachTest.app */,
				CA3EAC360FEDBE34004BBF8E /* Box2dTest.app */,
				CA3EAC380FEDBE34004BBF8E /* ChipmunkAccelTouchTest.app */,
				CA3EAC3A0FEDBE34004BBF8E /* ChipmunkTest.app */,
				CA3EAC3C0FEDBE34004BBF8E /* ClickAndMoveTest.app */,
				CA3EAC3E0FEDBE34004BBF8E /* cocosLiveTest.app */,
				CA3EAC400FEDBE34004BBF8E /* cocosnodeTest.app */,
				CA3EAC420FEDBE34004BBF8E /* drawPrimitivesTest.app */,
				CA3EAC440FEDBE34004BBF8E /* EaseActionsTest.app */,
				CA3EAC460FEDBE34004BBF8E /* EffectsTest.app */,
				CA3EAC480FEDBE34004BBF8E /* EffectsAdvancedTest.app */,
				CA3EAC4A0FEDBE34004BBF8E /* IntervalTest.app */,
				CA3EAC4C0FEDBE34004BBF8E /* MenuTest.app */,
				CA3EAC4E0FEDBE34004BBF8E /* ParallaxTest.app */,
				CA3EAC500FEDBE34004BBF8E /* ParticleTest.app */,
				CA3EAC520FEDBE34004BBF8E /* PerformanceParticleTest.app */,
				CA3EAC540FEDBE34004BBF8E /* PerformanceSpriteTest.app */,
				CA3EAC560FEDBE34004BBF8E /* RotateWorldTest.app */,
				CA3EAC580FEDBE34004BBF8E /* SceneTest.app */,
				CA3EAC5A0FEDBE34004BBF8E /* SoundEngineTest.app */,
				CA3EAC5C0FEDBE34004BBF8E /* CocosDenshionTest.app */,
				CA3EAC5E0FEDBE34004BBF8E /* SpritesTest.app */,
				CA3EAC600FEDBE34004BBF8E /* StreakTest.app */,
				CA3EAC620FEDBE34004BBF8E /* Texture2dTest.app */,
				CA3EAC640FEDBE34004BBF8E /* TouchesTest.app */,
				CA3EAC660FEDBE34004BBF8E /* TransitionsTest.app */,
			);
			name = Products;
			sourceTree = "<group>";
		};
		DCCBEF8D0F601EE20040855A /* Scenes */ = {
			isa = PBXGroup;
			children = (
				DCCBEF8E0F601EE20040855A /* MyScene.h */,
				DCCBEF8F0F601EE20040855A /* MyScene.m */,
			);
			path = Scenes;
			sourceTree = "<group>";
		};
/* End PBXGroup section */

/* Begin PBXNativeTarget section */
		1D6058900D05DD3D006BFB54 /* ___PROJECTNAME___ */ = {
			isa = PBXNativeTarget;
			buildConfigurationList = 1D6058960D05DD3E006BFB54 /* Build configuration list for PBXNativeTarget "___PROJECTNAME___" */;
			buildPhases = (
				1D60588D0D05DD3D006BFB54 /* Resources */,
				1D60588E0D05DD3D006BFB54 /* Sources */,
				1D60588F0D05DD3D006BFB54 /* Frameworks */,
			);
			buildRules = (
			);
			dependencies = (
				CA3EAC720FEDBE6B004BBF8E /* PBXTargetDependency */,
				CA3EAC740FEDBE6B004BBF8E /* PBXTargetDependency */,
			);
			name = "___PROJECTNAME___";
			productName = "___PROJECTNAME___";
			productReference = 1D6058910D05DD3D006BFB54 /* ___PROJECTNAME___.app */;
			productType = "com.apple.product-type.application";
		};
/* End PBXNativeTarget section */

/* Begin PBXProject section */
		29B97313FDCFA39411CA2CEA /* Project object */ = {
			isa = PBXProject;
			buildConfigurationList = C01FCF4E08A954540054247B /* Build configuration list for PBXProject "___PROJECTNAME___" */;
			compatibilityVersion = "Xcode 3.1";
			hasScannedForEncodings = 1;
			mainGroup = 29B97314FDCFA39411CA2CEA /* CustomTemplate */;
			projectDirPath = "";
			projectReferences = (
				{
					ProductGroup = CA3EABF90FEDBE34004BBF8E /* Products */;
					ProjectRef = CA3EAB7D0FEDBE0F004BBF8E /* cocos2d-iphone.xcodeproj */;
				},
			);
			projectRoot = "";
			targets = (
				1D6058900D05DD3D006BFB54 /* ___PROJECTNAME___ */,
			);
		};
/* End PBXProject section */

/* Begin PBXReferenceProxy section */
		CA3EAC200FEDBE34004BBF8E /* libbox2d.a */ = {
			isa = PBXReferenceProxy;
			fileType = archive.ar;
			path = libbox2d.a;
			remoteRef = CA3EAC1F0FEDBE34004BBF8E /* PBXContainerItemProxy */;
			sourceTree = BUILT_PRODUCTS_DIR;
		};
		CA3EAC220FEDBE34004BBF8E /* libChipmunk.a */ = {
			isa = PBXReferenceProxy;
			fileType = archive.ar;
			path = libChipmunk.a;
			remoteRef = CA3EAC210FEDBE34004BBF8E /* PBXContainerItemProxy */;
			sourceTree = BUILT_PRODUCTS_DIR;
		};
		CA3EAC240FEDBE34004BBF8E /* libcocos2d.a */ = {
			isa = PBXReferenceProxy;
			fileType = archive.ar;
			path = libcocos2d.a;
			remoteRef = CA3EAC230FEDBE34004BBF8E /* PBXContainerItemProxy */;
			sourceTree = BUILT_PRODUCTS_DIR;
		};
		CA3EAC260FEDBE34004BBF8E /* libcocos2d-documentation.a */ = {
			isa = PBXReferenceProxy;
			fileType = archive.ar;
			path = "libcocos2d-documentation.a";
			remoteRef = CA3EAC250FEDBE34004BBF8E /* PBXContainerItemProxy */;
			sourceTree = BUILT_PRODUCTS_DIR;
		};
		CA3EAC280FEDBE34004BBF8E /* libcocos Live.a */ = {
			isa = PBXReferenceProxy;
			fileType = archive.ar;
			path = "libcocos Live.a";
			remoteRef = CA3EAC270FEDBE34004BBF8E /* PBXContainerItemProxy */;
			sourceTree = BUILT_PRODUCTS_DIR;
		};
		CA3EAC2A0FEDBE34004BBF8E /* libTouchJSON.a */ = {
			isa = PBXReferenceProxy;
			fileType = archive.ar;
			path = libTouchJSON.a;
			remoteRef = CA3EAC290FEDBE34004BBF8E /* PBXContainerItemProxy */;
			sourceTree = BUILT_PRODUCTS_DIR;
		};
		CA3EAC2C0FEDBE34004BBF8E /* libvorbis.a */ = {
			isa = PBXReferenceProxy;
			fileType = archive.ar;
			path = libvorbis.a;
			remoteRef = CA3EAC2B0FEDBE34004BBF8E /* PBXContainerItemProxy */;
			sourceTree = BUILT_PRODUCTS_DIR;
		};
		CA3EAC2E0FEDBE34004BBF8E /* AccelViewportTest.app */ = {
			isa = PBXReferenceProxy;
			fileType = wrapper.application;
			path = AccelViewportTest.app;
			remoteRef = CA3EAC2D0FEDBE34004BBF8E /* PBXContainerItemProxy */;
			sourceTree = BUILT_PRODUCTS_DIR;
		};
		CA3EAC300FEDBE34004BBF8E /* AtlasTest.app */ = {
			isa = PBXReferenceProxy;
			fileType = wrapper.application;
			path = AtlasTest.app;
			remoteRef = CA3EAC2F0FEDBE34004BBF8E /* PBXContainerItemProxy */;
			sourceTree = BUILT_PRODUCTS_DIR;
		};
		CA3EAC320FEDBE34004BBF8E /* AtlasSpriteTest.app */ = {
			isa = PBXReferenceProxy;
			fileType = wrapper.application;
			path = AtlasSpriteTest.app;
			remoteRef = CA3EAC310FEDBE34004BBF8E /* PBXContainerItemProxy */;
			sourceTree = BUILT_PRODUCTS_DIR;
		};
		CA3EAC340FEDBE34004BBF8E /* AttachTest.app */ = {
			isa = PBXReferenceProxy;
			fileType = wrapper.application;
			path = AttachTest.app;
			remoteRef = CA3EAC330FEDBE34004BBF8E /* PBXContainerItemProxy */;
			sourceTree = BUILT_PRODUCTS_DIR;
		};
		CA3EAC360FEDBE34004BBF8E /* Box2dTest.app */ = {
			isa = PBXReferenceProxy;
			fileType = wrapper.application;
			path = Box2dTest.app;
			remoteRef = CA3EAC350FEDBE34004BBF8E /* PBXContainerItemProxy */;
			sourceTree = BUILT_PRODUCTS_DIR;
		};
		CA3EAC380FEDBE34004BBF8E /* ChipmunkAccelTouchTest.app */ = {
			isa = PBXReferenceProxy;
			fileType = wrapper.application;
			path = ChipmunkAccelTouchTest.app;
			remoteRef = CA3EAC370FEDBE34004BBF8E /* PBXContainerItemProxy */;
			sourceTree = BUILT_PRODUCTS_DIR;
		};
		CA3EAC3A0FEDBE34004BBF8E /* ChipmunkTest.app */ = {
			isa = PBXReferenceProxy;
			fileType = wrapper.application;
			path = ChipmunkTest.app;
			remoteRef = CA3EAC390FEDBE34004BBF8E /* PBXContainerItemProxy */;
			sourceTree = BUILT_PRODUCTS_DIR;
		};
		CA3EAC3C0FEDBE34004BBF8E /* ClickAndMoveTest.app */ = {
			isa = PBXReferenceProxy;
			fileType = wrapper.application;
			path = ClickAndMoveTest.app;
			remoteRef = CA3EAC3B0FEDBE34004BBF8E /* PBXContainerItemProxy */;
			sourceTree = BUILT_PRODUCTS_DIR;
		};
		CA3EAC3E0FEDBE34004BBF8E /* cocosLiveTest.app */ = {
			isa = PBXReferenceProxy;
			fileType = wrapper.application;
			path = cocosLiveTest.app;
			remoteRef = CA3EAC3D0FEDBE34004BBF8E /* PBXContainerItemProxy */;
			sourceTree = BUILT_PRODUCTS_DIR;
		};
		CA3EAC400FEDBE34004BBF8E /* cocosnodeTest.app */ = {
			isa = PBXReferenceProxy;
			fileType = wrapper.application;
			path = cocosnodeTest.app;
			remoteRef = CA3EAC3F0FEDBE34004BBF8E /* PBXContainerItemProxy */;
			sourceTree = BUILT_PRODUCTS_DIR;
		};
		CA3EAC420FEDBE34004BBF8E /* drawPrimitivesTest.app */ = {
			isa = PBXReferenceProxy;
			fileType = wrapper.application;
			path = drawPrimitivesTest.app;
			remoteRef = CA3EAC410FEDBE34004BBF8E /* PBXContainerItemProxy */;
			sourceTree = BUILT_PRODUCTS_DIR;
		};
		CA3EAC440FEDBE34004BBF8E /* EaseActionsTest.app */ = {
			isa = PBXReferenceProxy;
			fileType = wrapper.application;
			path = EaseActionsTest.app;
			remoteRef = CA3EAC430FEDBE34004BBF8E /* PBXContainerItemProxy */;
			sourceTree = BUILT_PRODUCTS_DIR;
		};
		CA3EAC460FEDBE34004BBF8E /* EffectsTest.app */ = {
			isa = PBXReferenceProxy;
			fileType = wrapper.application;
			path = EffectsTest.app;
			remoteRef = CA3EAC450FEDBE34004BBF8E /* PBXContainerItemProxy */;
			sourceTree = BUILT_PRODUCTS_DIR;
		};
		CA3EAC480FEDBE34004BBF8E /* EffectsAdvancedTest.app */ = {
			isa = PBXReferenceProxy;
			fileType = wrapper.application;
			path = EffectsAdvancedTest.app;
			remoteRef = CA3EAC470FEDBE34004BBF8E /* PBXContainerItemProxy */;
			sourceTree = BUILT_PRODUCTS_DIR;
		};
		CA3EAC4A0FEDBE34004BBF8E /* IntervalTest.app */ = {
			isa = PBXReferenceProxy;
			fileType = wrapper.application;
			path = IntervalTest.app;
			remoteRef = CA3EAC490FEDBE34004BBF8E /* PBXContainerItemProxy */;
			sourceTree = BUILT_PRODUCTS_DIR;
		};
		CA3EAC4C0FEDBE34004BBF8E /* MenuTest.app */ = {
			isa = PBXReferenceProxy;
			fileType = wrapper.application;
			path = MenuTest.app;
			remoteRef = CA3EAC4B0FEDBE34004BBF8E /* PBXContainerItemProxy */;
			sourceTree = BUILT_PRODUCTS_DIR;
		};
		CA3EAC4E0FEDBE34004BBF8E /* ParallaxTest.app */ = {
			isa = PBXReferenceProxy;
			fileType = wrapper.application;
			path = ParallaxTest.app;
			remoteRef = CA3EAC4D0FEDBE34004BBF8E /* PBXContainerItemProxy */;
			sourceTree = BUILT_PRODUCTS_DIR;
		};
		CA3EAC500FEDBE34004BBF8E /* ParticleTest.app */ = {
			isa = PBXReferenceProxy;
			fileType = wrapper.application;
			path = ParticleTest.app;
			remoteRef = CA3EAC4F0FEDBE34004BBF8E /* PBXContainerItemProxy */;
			sourceTree = BUILT_PRODUCTS_DIR;
		};
		CA3EAC520FEDBE34004BBF8E /* PerformanceParticleTest.app */ = {
			isa = PBXReferenceProxy;
			fileType = wrapper.application;
			path = PerformanceParticleTest.app;
			remoteRef = CA3EAC510FEDBE34004BBF8E /* PBXContainerItemProxy */;
			sourceTree = BUILT_PRODUCTS_DIR;
		};
		CA3EAC540FEDBE34004BBF8E /* PerformanceSpriteTest.app */ = {
			isa = PBXReferenceProxy;
			fileType = wrapper.application;
			path = PerformanceSpriteTest.app;
			remoteRef = CA3EAC530FEDBE34004BBF8E /* PBXContainerItemProxy */;
			sourceTree = BUILT_PRODUCTS_DIR;
		};
		CA3EAC560FEDBE34004BBF8E /* RotateWorldTest.app */ = {
			isa = PBXReferenceProxy;
			fileType = wrapper.application;
			path = RotateWorldTest.app;
			remoteRef = CA3EAC550FEDBE34004BBF8E /* PBXContainerItemProxy */;
			sourceTree = BUILT_PRODUCTS_DIR;
		};
		CA3EAC580FEDBE34004BBF8E /* SceneTest.app */ = {
			isa = PBXReferenceProxy;
			fileType = wrapper.application;
			path = SceneTest.app;
			remoteRef = CA3EAC570FEDBE34004BBF8E /* PBXContainerItemProxy */;
			sourceTree = BUILT_PRODUCTS_DIR;
		};
		CA3EAC5A0FEDBE34004BBF8E /* SoundEngineTest.app */ = {
			isa = PBXReferenceProxy;
			fileType = wrapper.application;
			path = SoundEngineTest.app;
			remoteRef = CA3EAC590FEDBE34004BBF8E /* PBXContainerItemProxy */;
			sourceTree = BUILT_PRODUCTS_DIR;
		};
		CA3EAC5C0FEDBE34004BBF8E /* CocosDenshionTest.app */ = {
			isa = PBXReferenceProxy;
			fileType = wrapper.application;
			path = CocosDenshionTest.app;
			remoteRef = CA3EAC5B0FEDBE34004BBF8E /* PBXContainerItemProxy */;
			sourceTree = BUILT_PRODUCTS_DIR;
		};
		CA3EAC5E0FEDBE34004BBF8E /* SpritesTest.app */ = {
			isa = PBXReferenceProxy;
			fileType = wrapper.application;
			path = SpritesTest.app;
			remoteRef = CA3EAC5D0FEDBE34004BBF8E /* PBXContainerItemProxy */;
			sourceTree = BUILT_PRODUCTS_DIR;
		};
		CA3EAC600FEDBE34004BBF8E /* StreakTest.app */ = {
			isa = PBXReferenceProxy;
			fileType = wrapper.application;
			path = StreakTest.app;
			remoteRef = CA3EAC5F0FEDBE34004BBF8E /* PBXContainerItemProxy */;
			sourceTree = BUILT_PRODUCTS_DIR;
		};
		CA3EAC620FEDBE34004BBF8E /* Texture2dTest.app */ = {
			isa = PBXReferenceProxy;
			fileType = wrapper.application;
			path = Texture2dTest.app;
			remoteRef = CA3EAC610FEDBE34004BBF8E /* PBXContainerItemProxy */;
			sourceTree = BUILT_PRODUCTS_DIR;
		};
		CA3EAC640FEDBE34004BBF8E /* TouchesTest.app */ = {
			isa = PBXReferenceProxy;
			fileType = wrapper.application;
			path = TouchesTest.app;
			remoteRef = CA3EAC630FEDBE34004BBF8E /* PBXContainerItemProxy */;
			sourceTree = BUILT_PRODUCTS_DIR;
		};
		CA3EAC660FEDBE34004BBF8E /* TransitionsTest.app */ = {
			isa = PBXReferenceProxy;
			fileType = wrapper.application;
			path = TransitionsTest.app;
			remoteRef = CA3EAC650FEDBE34004BBF8E /* PBXContainerItemProxy */;
			sourceTree = BUILT_PRODUCTS_DIR;
		};
/* End PBXReferenceProxy section */

/* Begin PBXResourcesBuildPhase section */
		1D60588D0D05DD3D006BFB54 /* Resources */ = {
			isa = PBXResourcesBuildPhase;
			buildActionMask = 2147483647;
			files = (
				CA3EAC980FEE6F43004BBF8E /* background2.jpg in Resources */,
				CA3EACB90FEE7024004BBF8E /* fps_images.png in Resources */,
			);
			runOnlyForDeploymentPostprocessing = 0;
		};
/* End PBXResourcesBuildPhase section */

/* Begin PBXSourcesBuildPhase section */
		1D60588E0D05DD3D006BFB54 /* Sources */ = {
			isa = PBXSourcesBuildPhase;
			buildActionMask = 2147483647;
			files = (
				1D60589B0D05DD56006BFB54 /* main.m in Sources */,
				1F3B9A2D0EF2145700286867 /* ___PROJECTNAMEASIDENTIFIER___AppDelegate.m in Sources */,
				DCCBEF900F601EE20040855A /* MyScene.m in Sources */,
			);
			runOnlyForDeploymentPostprocessing = 0;
		};
/* End PBXSourcesBuildPhase section */

/* Begin PBXTargetDependency section */
		CA3EAC720FEDBE6B004BBF8E /* PBXTargetDependency */ = {
			isa = PBXTargetDependency;
			name = Chipmunk;
			targetProxy = CA3EAC710FEDBE6B004BBF8E /* PBXContainerItemProxy */;
		};
		CA3EAC740FEDBE6B004BBF8E /* PBXTargetDependency */ = {
			isa = PBXTargetDependency;
			name = cocos2d;
			targetProxy = CA3EAC730FEDBE6B004BBF8E /* PBXContainerItemProxy */;
		};
/* End PBXTargetDependency section */

/* Begin XCBuildConfiguration section */
		1D6058940D05DD3E006BFB54 /* Debug */ = {
			isa = XCBuildConfiguration;
			buildSettings = {
				ALWAYS_SEARCH_USER_PATHS = NO;
				COPY_PHASE_STRIP = NO;
				DEBUG_INFORMATION_FORMAT = "dwarf-with-dsym";
				GCC_DYNAMIC_NO_PIC = NO;
				GCC_ENABLE_FIX_AND_CONTINUE = NO;
				GCC_OPTIMIZATION_LEVEL = 0;
				GCC_PRECOMPILE_PREFIX_HEADER = YES;
				GCC_PREFIX_HEADER = "___PROJECTNAMEASIDENTIFIER____Prefix.pch";
				INFOPLIST_FILE = Info.plist;
				OTHER_LDFLAGS = "";
				PREBINDING = NO;
				PRODUCT_NAME = "___PROJECTNAME___";
				WARNING_CFLAGS = "-Wall";
			};
			name = Debug;
		};
		1D6058950D05DD3E006BFB54 /* Release */ = {
			isa = XCBuildConfiguration;
			buildSettings = {
				ALWAYS_SEARCH_USER_PATHS = NO;
				COPY_PHASE_STRIP = YES;
				DEBUG_INFORMATION_FORMAT = "dwarf-with-dsym";
				GCC_ENABLE_FIX_AND_CONTINUE = NO;
				GCC_PRECOMPILE_PREFIX_HEADER = YES;
				GCC_PREFIX_HEADER = "___PROJECTNAMEASIDENTIFIER____Prefix.pch";
				INFOPLIST_FILE = Info.plist;
				OTHER_LDFLAGS = "";
				PREBINDING = NO;
				PRODUCT_NAME = "___PROJECTNAME___";
				WARNING_CFLAGS = "-Wall";
			};
			name = Release;
		};
		C01FCF4F08A954540054247B /* Debug */ = {
			isa = XCBuildConfiguration;
			buildSettings = {
				ALWAYS_SEARCH_USER_PATHS = NO;
				ARCHS = "$(ARCHS_STANDARD_32_BIT)";
				"CODE_SIGN_IDENTITY[sdk=iphoneos*]" = "iPhone Developer";
				GCC_C_LANGUAGE_STANDARD = c99;
				GCC_WARN_ABOUT_RETURN_TYPE = YES;
				GCC_WARN_UNUSED_VARIABLE = YES;
				ONLY_ACTIVE_ARCH = YES;
				PREBINDING = NO;
				SDKROOT = iphoneos2.0;
				USER_HEADER_SEARCH_PATHS = "$(COCOS2D_SRC)/**";
			};
			name = Debug;
		};
		C01FCF5008A954540054247B /* Release */ = {
			isa = XCBuildConfiguration;
			buildSettings = {
				ALWAYS_SEARCH_USER_PATHS = NO;
				ARCHS = "$(ARCHS_STANDARD_32_BIT)";
				"CODE_SIGN_IDENTITY[sdk=iphoneos*]" = "iPhone Developer";
				GCC_C_LANGUAGE_STANDARD = c99;
				GCC_WARN_ABOUT_RETURN_TYPE = YES;
				GCC_WARN_UNUSED_VARIABLE = YES;
				PREBINDING = NO;
				SDKROOT = iphoneos2.0;
				USER_HEADER_SEARCH_PATHS = "$(COCOS2D_SRC)/**";
			};
			name = Release;
		};
/* End XCBuildConfiguration section */

/* Begin XCConfigurationList section */
		1D6058960D05DD3E006BFB54 /* Build configuration list for PBXNativeTarget "___PROJECTNAME___" */ = {
			isa = XCConfigurationList;
			buildConfigurations = (
				1D6058940D05DD3E006BFB54 /* Debug */,
				1D6058950D05DD3E006BFB54 /* Release */,
			);
			defaultConfigurationIsVisible = 0;
			defaultConfigurationName = Release;
		};
		C01FCF4E08A954540054247B /* Build configuration list for PBXProject "___PROJECTNAME___" */ = {
			isa = XCConfigurationList;
			buildConfigurations = (
				C01FCF4F08A954540054247B /* Debug */,
				C01FCF5008A954540054247B /* Release */,
			);
			defaultConfigurationIsVisible = 0;
			defaultConfigurationName = Release;
		};
/* End XCConfigurationList section */
	};
	rootObject = 29B97313FDCFA39411CA2CEA /* Project object */;
}
